
Microsoft Visual Studio Solution File, Format Version 12.00
# Visual Studio Version 17
VisualStudioVersion = 17.13.36105.23
MinimumVisualStudioVersion = 10.0.40219.1
Project("{FAE04EC0-301F-11D3-BF4B-00C04F79EFBC}") = "RomanNumeralConversion", "RomanNumeralConversion\RomanNumeralConversion.csproj", "{C471F87B-03D0-4BC5-88DA-E16861B94017}"
EndProject
Project("{FAE04EC0-301F-11D3-BF4B-00C04F79EFBC}") = "RomanNumeralConversionTests", "RomanNumeralConversionTests\RomanNumeralConversionTests.csproj", "{537E33D1-7EFD-4E8F-9DF3-215E1ABCE114}"
EndProject
Project("{FAE04EC0-301F-11D3-BF4B-00C04F79EFBC}") = "RomanNumeralConversionCLI", "RomanNumeralConversionCLI\RomanNumeralConversionCLI.csproj", "{4E1E731D-EB47-4646-B007-B3FCB05FA6D3}"
EndProject
Global
	GlobalSection(SolutionConfigurationPlatforms) = preSolution
		Debug|Any CPU = Debug|Any CPU
		Release|Any CPU = Release|Any CPU
	EndGlobalSection
	GlobalSection(ProjectConfigurationPlatforms) = postSolution
		{C471F87B-03D0-4BC5-88DA-E16861B94017}.Debug|Any CPU.ActiveCfg = Debug|Any CPU
		{C471F87B-03D0-4BC5-88DA-E16861B94017}.Debug|Any CPU.Build.0 = Debug|Any CPU
		{C471F87B-03D0-4BC5-88DA-E16861B94017}.Release|Any CPU.ActiveCfg = Release|Any CPU
		{C471F87B-03D0-4BC5-88DA-E16861B94017}.Release|Any CPU.Build.0 = Release|Any CPU
		{537E33D1-7EFD-4E8F-9DF3-215E1ABCE114}.Debug|Any CPU.ActiveCfg = Debug|Any CPU
		{537E33D1-7EFD-4E8F-9DF3-215E1ABCE114}.Debug|Any CPU.Build.0 = Debug|Any CPU
		{537E33D1-7EFD-4E8F-9DF3-215E1ABCE114}.Release|Any CPU.ActiveCfg = Release|Any CPU
		{537E33D1-7EFD-4E8F-9DF3-215E1ABCE114}.Release|Any CPU.Build.0 = Release|Any CPU
		{4E1E731D-EB47-4646-B007-B3FCB05FA6D3}.Debug|Any CPU.ActiveCfg = Debug|Any CPU
		{4E1E731D-EB47-4646-B007-B3FCB05FA6D3}.Debug|Any CPU.Build.0 = Debug|Any CPU
		{4E1E731D-EB47-4646-B007-B3FCB05FA6D3}.Release|Any CPU.ActiveCfg = Release|Any CPU
		{4E1E731D-EB47-4646-B007-B3FCB05FA6D3}.Release|Any CPU.Build.0 = Release|Any CPU
	EndGlobalSection
	GlobalSection(SolutionProperties) = preSolution
		HideSolutionNode = FALSE
	EndGlobalSection
	GlobalSection(ExtensibilityGlobals) = postSolution
		SolutionGuid = {EED7E9F2-4C2B-4871-BEC0-949971B0D092}
	EndGlobalSection
EndGlobal
